# This file is automatically @generated by Cargo.
# It is not intended for manual editing.
version = 4

[[package]]
name = "arithmetic-expression"
version = "0.1.0"
dependencies = [
 "ppeg-core",
]

[[package]]
name = "json"
version = "0.1.0"
dependencies = [
 "ppeg-core",
]

[[package]]
name = "ppeg-cli"
version = "0.1.0"

[[package]]
name = "ppeg-core"
version = "0.1.0"
